
Microsoft Visual Studio Solution File, Format Version 12.00
# Visual Studio Version 16
VisualStudioVersion = 16.0.31410.357
MinimumVisualStudioVersion = 10.0.40219.1
Project("{FAE04EC0-301F-11D3-BF4B-00C04F79EFBC}") = "exeApotek1_20200140001", "exeApotek1_20200140001\exeApotek1_20200140001.csproj", "{EE910F3E-CF40-40F8-BB97-E08CA9CD519E}"
EndProject
Global
	GlobalSection(SolutionConfigurationPlatforms) = preSolution
		Debug|Any CPU = Debug|Any CPU
		Release|Any CPU = Release|Any CPU
	EndGlobalSection
	GlobalSection(ProjectConfigurationPlatforms) = postSolution
		{EE910F3E-CF40-40F8-BB97-E08CA9CD519E}.Debug|Any CPU.ActiveCfg = Debug|Any CPU
		{EE910F3E-CF40-40F8-BB97-E08CA9CD519E}.Debug|Any CPU.Build.0 = Debug|Any CPU
		{EE910F3E-CF40-40F8-BB97-E08CA9CD519E}.Release|Any CPU.ActiveCfg = Release|Any CPU
		{EE910F3E-CF40-40F8-BB97-E08CA9CD519E}.Release|Any CPU.Build.0 = Release|Any CPU
	EndGlobalSection
	GlobalSection(SolutionProperties) = preSolution
		HideSolutionNode = FALSE
	EndGlobalSection
	GlobalSection(ExtensibilityGlobals) = postSolution
		SolutionGuid = {BC238C61-E431-455D-AEC6-E01F8EB867F1}
	EndGlobalSection
EndGlobal
